{
  "name": "magnolia",
  "version": "1.0.0",
  "lockfileVersion": 1,
  "requires": true,
  "dependencies": {
    "mgnl": {
      "version": "2.1.1",
      "resolved": "https://registry.npmjs.org/mgnl/-/mgnl-2.1.1.tgz",
      "integrity": "sha512-eAZ4clwc/xWpZsYLERsP8incmX9GMs2nsSE1GUx1/QA3KLirafdR0QX6nUl33qgKuR9EgGfjp22nAzwYb/ueBQ==",
      "requires": {
        "ini": "^1.3.4"
      },
      "dependencies": {
        "ini": {
          "version": "1.3.4",
          "bundled": true
        }
      }
    }
  }
}
